
Microsoft Visual Studio Solution File, Format Version 12.00
# Visual Studio Version 17
VisualStudioVersion = 17.6.33829.357
MinimumVisualStudioVersion = 10.0.40219.1
Project("{FAE04EC0-301F-11D3-BF4B-00C04F79EFBC}") = "PdfSharpExample", "PdfSharpExample.csproj", "{681AB27E-6648-4BD6-BAF9-8772A5C7FF0C}"
EndProject
Global
	GlobalSection(SolutionConfigurationPlatforms) = preSolution
		Debug|Any CPU = Debug|Any CPU
		Release|Any CPU = Release|Any CPU
	EndGlobalSection
	GlobalSection(ProjectConfigurationPlatforms) = postSolution
		{681AB27E-6648-4BD6-BAF9-8772A5C7FF0C}.Debug|Any CPU.ActiveCfg = Debug|Any CPU
		{681AB27E-6648-4BD6-BAF9-8772A5C7FF0C}.Debug|Any CPU.Build.0 = Debug|Any CPU
		{681AB27E-6648-4BD6-BAF9-8772A5C7FF0C}.Release|Any CPU.ActiveCfg = Release|Any CPU
		{681AB27E-6648-4BD6-BAF9-8772A5C7FF0C}.Release|Any CPU.Build.0 = Release|Any CPU
	EndGlobalSection
	GlobalSection(SolutionProperties) = preSolution
		HideSolutionNode = FALSE
	EndGlobalSection
	GlobalSection(ExtensibilityGlobals) = postSolution
		SolutionGuid = {800FF93D-6023-4A8B-930B-C3CF4CA06689}
	EndGlobalSection
EndGlobal
